# This file is automatically @generated by Poetry 2.1.2 and should not be changed by hand.

[[package]]
name = "pypdf"
version = "5.5.0"
description = "A pure-python PDF library capable of splitting, merging, cropping, and transforming PDF files"
optional = false
python-versions = ">=3.8"
groups = ["main"]
files = [
    {file = "pypdf-5.5.0-py3-none-any.whl", hash = "sha256:2f61f2d32dde00471cd70b8977f98960c64e84dd5ba0d070e953fcb4da0b2a73"},
    {file = "pypdf-5.5.0.tar.gz", hash = "sha256:8ce6a18389f7394fd09a1d4b7a34b097b11c19088a23cfd09e5008f85893e254"},
]

[package.extras]
crypto = ["cryptography"]
cryptodome = ["PyCryptodome"]
dev = ["black", "flit", "pip-tools", "pre-commit", "pytest-cov", "pytest-socket", "pytest-timeout", "pytest-xdist", "wheel"]
docs = ["myst_parser", "sphinx", "sphinx_rtd_theme"]
full = ["Pillow (>=8.0.0)", "cryptography"]
image = ["Pillow (>=8.0.0)"]

[metadata]
lock-version = "2.1"
python-versions = ">=3.12"
content-hash = "75c5e4761de3f1bd77868132815a3e7436cdcfd4afe719e4adccf5af2432027f"
